// !$*UTF8*$!
{
	archiveVersion = 1;
	classes = {
	};
	objectVersion = 50;
	objects = {

/* Begin PBXBuildFile section */
		043C1DA627B4626A00D36F03 /* AstroSpace-eZ2Bg.ttf in Resources */ = {isa = PBXBuildFile; fileRef = 043C1DA527B4626A00D36F03 /* AstroSpace-eZ2Bg.ttf */; };
		043C1DA927B4628900D36F03 /* Agelast-mLlAm.otf in Resources */ = {isa = PBXBuildFile; fileRef = 043C1DA827B4628900D36F03 /* Agelast-mLlAm.otf */; };
		0477C87327B2FFA40077BAE6 /* AppDelegate.swift in Sources */ = {isa = PBXBuildFile; fileRef = 0477C87227B2FFA40077BAE6 /* AppDelegate.swift */; };
		0477C87527B2FFA40077BAE6 /* SceneDelegate.swift in Sources */ = {isa = PBXBuildFile; fileRef = 0477C87427B2FFA40077BAE6 /* SceneDelegate.swift */; };
		0477C87727B2FFA40077BAE6 /* ViewController.swift in Sources */ = {isa = PBXBuildFile; fileRef = 0477C87627B2FFA40077BAE6 /* ViewController.swift */; };
		0477C87A27B2FFA40077BAE6 /* Main.storyboard in Resources */ = {isa = PBXBuildFile; fileRef = 0477C87827B2FFA40077BAE6 /* Main.storyboard */; };
		0477C87C27B2FFA50077BAE6 /* Assets.xcassets in Resources */ = {isa = PBXBuildFile; fileRef = 0477C87B27B2FFA50077BAE6 /* Assets.xcassets */; };
		0477C87F27B2FFA50077BAE6 /* LaunchScreen.storyboard in Resources */ = {isa = PBXBuildFile; fileRef = 0477C87D27B2FFA50077BAE6 /* LaunchScreen.storyboard */; };
		04AC183227B6EFAD00976902 /* LaunchGifViewController.swift in Sources */ = {isa = PBXBuildFile; fileRef = 04AC183127B6EFAD00976902 /* LaunchGifViewController.swift */; };
		04DE1BA428F0C790006FAAD6 /* OverViewController.swift in Sources */ = {isa = PBXBuildFile; fileRef = 04DE1BA328F0C790006FAAD6 /* OverViewController.swift */; };
		04DE1BA728F0D0DD006FAAD6 /* tCellTableViewCell.swift in Sources */ = {isa = PBXBuildFile; fileRef = 04DE1BA628F0D0DD006FAAD6 /* tCellTableViewCell.swift */; };
/* End PBXBuildFile section */

/* Begin PBXFileReference section */
		043C1DA527B4626A00D36F03 /* AstroSpace-eZ2Bg.ttf */ = {isa = PBXFileReference; lastKnownFileType = file; path = "AstroSpace-eZ2Bg.ttf"; sourceTree = "<group>"; };
		043C1DA827B4628900D36F03 /* Agelast-mLlAm.otf */ = {isa = PBXFileReference; lastKnownFileType = file; path = "Agelast-mLlAm.otf"; sourceTree = "<group>"; };
		0477C86F27B2FFA40077BAE6 /* planets.app */ = {isa = PBXFileReference; explicitFileType = wrapper.application; includeInIndex = 0; path = planets.app; sourceTree = BUILT_PRODUCTS_DIR; };
		0477C87227B2FFA40077BAE6 /* AppDelegate.swift */ = {isa = PBXFileReference; lastKnownFileType = sourcecode.swift; path = AppDelegate.swift; sourceTree = "<group>"; };
		0477C87427B2FFA40077BAE6 /* SceneDelegate.swift */ = {isa = PBXFileReference; lastKnownFileType = sourcecode.swift; path = SceneDelegate.swift; sourceTree = "<group>"; };
		0477C87627B2FFA40077BAE6 /* ViewController.swift */ = {isa = PBXFileReference; lastKnownFileType = sourcecode.swift; path = ViewController.swift; sourceTree = "<group>"; };
		0477C87927B2FFA40077BAE6 /* Base */ = {isa = PBXFileReference; lastKnownFileType = file.storyboard; name = Base; path = Base.lproj/Main.storyboard; sourceTree = "<group>"; };
		0477C87B27B2FFA50077BAE6 /* Assets.xcassets */ = {isa = PBXFileReference; lastKnownFileType = folder.assetcatalog; path = Assets.xcassets; sourceTree = "<group>"; };
		0477C87E27B2FFA50077BAE6 /* Base */ = {isa = PBXFileReference; lastKnownFileType = file.storyboard; name = Base; path = Base.lproj/LaunchScreen.storyboard; sourceTree = "<group>"; };
		0477C88027B2FFA50077BAE6 /* Info.plist */ = {isa = PBXFileReference; lastKnownFileType = text.plist.xml; path = Info.plist; sourceTree = "<group>"; };
		04AC183127B6EFAD00976902 /* LaunchGifViewController.swift */ = {isa = PBXFileReference; lastKnownFileType = sourcecode.swift; path = LaunchGifViewController.swift; sourceTree = "<group>"; };
		04DE1BA328F0C790006FAAD6 /* OverViewController.swift */ = {isa = PBXFileReference; lastKnownFileType = sourcecode.swift; path = OverViewController.swift; sourceTree = "<group>"; };
		04DE1BA628F0D0DD006FAAD6 /* tCellTableViewCell.swift */ = {isa = PBXFileReference; lastKnownFileType = sourcecode.swift; path = tCellTableViewCell.swift; sourceTree = "<group>"; };
/* End PBXFileReference section */

/* Begin PBXFrameworksBuildPhase section */
		0477C86C27B2FFA40077BAE6 /* Frameworks */ = {
			isa = PBXFrameworksBuildPhase;
			buildActionMask = 2147483647;
			files = (
			);
			runOnlyForDeploymentPostprocessing = 0;
		};
/* End PBXFrameworksBuildPhase section */

/* Begin PBXGroup section */
		043C1DA427B4622D00D36F03 /* fonts */ = {
			isa = PBXGroup;
			children = (
				043C1DA527B4626A00D36F03 /* AstroSpace-eZ2Bg.ttf */,
				043C1DA827B4628900D36F03 /* Agelast-mLlAm.otf */,
			);
			path = fonts;
			sourceTree = "<group>";
		};
		0477C86627B2FFA40077BAE6 = {
			isa = PBXGroup;
			children = (
				0477C87127B2FFA40077BAE6 /* planets */,
				0477C87027B2FFA40077BAE6 /* Products */,
			);
			sourceTree = "<group>";
		};
		0477C87027B2FFA40077BAE6 /* Products */ = {
			isa = PBXGroup;
			children = (
				0477C86F27B2FFA40077BAE6 /* planets.app */,
			);
			name = Products;
			sourceTree = "<group>";
		};
		0477C87127B2FFA40077BAE6 /* planets */ = {
			isa = PBXGroup;
			children = (
				0477C87227B2FFA40077BAE6 /* AppDelegate.swift */,
				0477C87427B2FFA40077BAE6 /* SceneDelegate.swift */,
				0477C87627B2FFA40077BAE6 /* ViewController.swift */,
				04AC183127B6EFAD00976902 /* LaunchGifViewController.swift */,
				0477C87827B2FFA40077BAE6 /* Main.storyboard */,
				0477C87B27B2FFA50077BAE6 /* Assets.xcassets */,
				0477C87D27B2FFA50077BAE6 /* LaunchScreen.storyboard */,
				0477C88027B2FFA50077BAE6 /* Info.plist */,
				043C1DA427B4622D00D36F03 /* fonts */,
				04DE1BA328F0C790006FAAD6 /* OverViewController.swift */,
				04DE1BA628F0D0DD006FAAD6 /* tCellTableViewCell.swift */,
			);
			path = planets;
			sourceTree = "<group>";
		};
/* End PBXGroup section */

/* Begin PBXNativeTarget section */
		0477C86E27B2FFA40077BAE6 /* planets */ = {
			isa = PBXNativeTarget;
			buildConfigurationList = 0477C88327B2FFA50077BAE6 /* Build configuration list for PBXNativeTarget "planets" */;
			buildPhases = (
				0477C86B27B2FFA40077BAE6 /* Sources */,
				0477C86C27B2FFA40077BAE6 /* Frameworks */,
				0477C86D27B2FFA40077BAE6 /* Resources */,
			);
			buildRules = (
			);
			dependencies = (
			);
			name = planets;
			productName = planets;
			productReference = 0477C86F27B2FFA40077BAE6 /* planets.app */;
			productType = "com.apple.product-type.application";
		};
/* End PBXNativeTarget section */

/* Begin PBXProject section */
		0477C86727B2FFA40077BAE6 /* Project object */ = {
			isa = PBXProject;
			attributes = {
				LastSwiftUpdateCheck = 1220;
				LastUpgradeCheck = 1220;
				TargetAttributes = {
					0477C86E27B2FFA40077BAE6 = {
						CreatedOnToolsVersion = 12.2;
					};
				};
			};
			buildConfigurationList = 0477C86A27B2FFA40077BAE6 /* Build configuration list for PBXProject "planets" */;
			compatibilityVersion = "Xcode 9.3";
			developmentRegion = en;
			hasScannedForEncodings = 0;
			knownRegions = (
				en,
				Base,
			);
			mainGroup = 0477C86627B2FFA40077BAE6;
			productRefGroup = 0477C87027B2FFA40077BAE6 /* Products */;
			projectDirPath = "";
			projectRoot = "";
			targets = (
				0477C86E27B2FFA40077BAE6 /* planets */,
			);
		};
/* End PBXProject section */

/* Begin PBXResourcesBuildPhase section */
		0477C86D27B2FFA40077BAE6 /* Resources */ = {
			isa = PBXResourcesBuildPhase;
			buildActionMask = 2147483647;
			files = (
				043C1DA627B4626A00D36F03 /* AstroSpace-eZ2Bg.ttf in Resources */,
				043C1DA927B4628900D36F03 /* Agelast-mLlAm.otf in Resources */,
				0477C87F27B2FFA50077BAE6 /* LaunchScreen.storyboard in Resources */,
				0477C87C27B2FFA50077BAE6 /* Assets.xcassets in Resources */,
				0477C87A27B2FFA40077BAE6 /* Main.storyboard in Resources */,
			);
			runOnlyForDeploymentPostprocessing = 0;
		};
/* End PBXResourcesBuildPhase section */

/* Begin PBXSourcesBuildPhase section */
		0477C86B27B2FFA40077BAE6 /* Sources */ = {
			isa = PBXSourcesBuildPhase;
			buildActionMask = 2147483647;
			files = (
				04DE1BA728F0D0DD006FAAD6 /* tCellTableViewCell.swift in Sources */,
				04AC183227B6EFAD00976902 /* LaunchGifViewController.swift in Sources */,
				0477C87727B2FFA40077BAE6 /* ViewController.swift in Sources */,
				0477C87327B2FFA40077BAE6 /* AppDelegate.swift in Sources */,
				04DE1BA428F0C790006FAAD6 /* OverViewController.swift in Sources */,
				0477C87527B2FFA40077BAE6 /* SceneDelegate.swift in Sources */,
			);
			runOnlyForDeploymentPostprocessing = 0;
		};
/* End PBXSourcesBuildPhase section */

/* Begin PBXVariantGroup section */
		0477C87827B2FFA40077BAE6 /* Main.storyboard */ = {
			isa = PBXVariantGroup;
			children = (
				0477C87927B2FFA40077BAE6 /* Base */,
			);
			name = Main.storyboard;
			sourceTree = "<group>";
		};
		0477C87D27B2FFA50077BAE6 /* LaunchScreen.storyboard */ = {
			isa = PBXVariantGroup;
			children = (
				0477C87E27B2FFA50077BAE6 /* Base */,
			);
			name = LaunchScreen.storyboard;
			sourceTree = "<group>";
		};
/* End PBXVariantGroup section */

/* Begin XCBuildConfiguration section */
		0477C88127B2FFA50077BAE6 /* Debug */ = {
			isa = XCBuildConfiguration;
			buildSettings = {
				ALWAYS_SEARCH_USER_PATHS = NO;
				CLANG_ANALYZER_NONNULL = YES;
				CLANG_ANALYZER_NUMBER_OBJECT_CONVERSION = YES_AGGRESSIVE;
				CLANG_CXX_LANGUAGE_STANDARD = "gnu++14";
				CLANG_CXX_LIBRARY = "libc++";
				CLANG_ENABLE_MODULES = YES;
				CLANG_ENABLE_OBJC_ARC = YES;
				CLANG_ENABLE_OBJC_WEAK = YES;
				CLANG_WARN_BLOCK_CAPTURE_AUTORELEASING = YES;
				CLANG_WARN_BOOL_CONVERSION = YES;
				CLANG_WARN_COMMA = YES;
				CLANG_WARN_CONSTANT_CONVERSION = YES;
				CLANG_WARN_DEPRECATED_OBJC_IMPLEMENTATIONS = YES;
				CLANG_WARN_DIRECT_OBJC_ISA_USAGE = YES_ERROR;
				CLANG_WARN_DOCUMENTATION_COMMENTS = YES;
				CLANG_WARN_EMPTY_BODY = YES;
				CLANG_WARN_ENUM_CONVERSION = YES;
				CLANG_WARN_INFINITE_RECURSION = YES;
				CLANG_WARN_INT_CONVERSION = YES;
				CLANG_WARN_NON_LITERAL_NULL_CONVERSION = YES;
				CLANG_WARN_OBJC_IMPLICIT_RETAIN_SELF = YES;
				CLANG_WARN_OBJC_LITERAL_CONVERSION = YES;
				CLANG_WARN_OBJC_ROOT_CLASS = YES_ERROR;
				CLANG_WARN_QUOTED_INCLUDE_IN_FRAMEWORK_HEADER = YES;
				CLANG_WARN_RANGE_LOOP_ANALYSIS = YES;
				CLANG_WARN_STRICT_PROTOTYPES = YES;
				CLANG_WARN_SUSPICIOUS_MOVE = YES;
				CLANG_WARN_UNGUARDED_AVAILABILITY = YES_AGGRESSIVE;
				CLANG_WARN_UNREACHABLE_CODE = YES;
				CLANG_WARN__DUPLICATE_METHOD_MATCH = YES;
				COPY_PHASE_STRIP = NO;
				DEBUG_INFORMATION_FORMAT = dwarf;
				ENABLE_STRICT_OBJC_MSGSEND = YES;
				ENABLE_TESTABILITY = YES;
				GCC_C_LANGUAGE_STANDARD = gnu11;
				GCC_DYNAMIC_NO_PIC = NO;
				GCC_NO_COMMON_BLOCKS = YES;
				GCC_OPTIMIZATION_LEVEL = 0;
				GCC_PREPROCESSOR_DEFINITIONS = (
					"DEBUG=1",
					"$(inherited)",
				);
				GCC_WARN_64_TO_32_BIT_CONVERSION = YES;
				GCC_WARN_ABOUT_RETURN_TYPE = YES_ERROR;
				GCC_WARN_UNDECLARED_SELECTOR = YES;
				GCC_WARN_UNINITIALIZED_AUTOS = YES_AGGRESSIVE;
				GCC_WARN_UNUSED_FUNCTION = YES;
				GCC_WARN_UNUSED_VARIABLE = YES;
				IPHONEOS_DEPLOYMENT_TARGET = 14.2;
				MTL_ENABLE_DEBUG_INFO = INCLUDE_SOURCE;
				MTL_FAST_MATH = YES;
				ONLY_ACTIVE_ARCH = YES;
				SDKROOT = iphoneos;
				SWIFT_ACTIVE_COMPILATION_CONDITIONS = DEBUG;
				SWIFT_OPTIMIZATION_LEVEL = "-Onone";
			};
			name = Debug;
		};
		0477C88227B2FFA50077BAE6 /* Release */ = {
			isa = XCBuildConfiguration;
			buildSettings = {
				ALWAYS_SEARCH_USER_PATHS = NO;
				CLANG_ANALYZER_NONNULL = YES;
				CLANG_ANALYZER_NUMBER_OBJECT_CONVERSION = YES_AGGRESSIVE;
				CLANG_CXX_LANGUAGE_STANDARD = "gnu++14";
				CLANG_CXX_LIBRARY = "libc++";
				CLANG_ENABLE_MODULES = YES;
				CLANG_ENABLE_OBJC_ARC = YES;
				CLANG_ENABLE_OBJC_WEAK = YES;
				CLANG_WARN_BLOCK_CAPTURE_AUTORELEASING = YES;
				CLANG_WARN_BOOL_CONVERSION = YES;
				CLANG_WARN_COMMA = YES;
				CLANG_WARN_CONSTANT_CONVERSION = YES;
				CLANG_WARN_DEPRECATED_OBJC_IMPLEMENTATIONS = YES;
				CLANG_WARN_DIRECT_OBJC_ISA_USAGE = YES_ERROR;
				CLANG_WARN_DOCUMENTATION_COMMENTS = YES;
				CLANG_WARN_EMPTY_BODY = YES;
				CLANG_WARN_ENUM_CONVERSION = YES;
				CLANG_WARN_INFINITE_RECURSION = YES;
				CLANG_WARN_INT_CONVERSION = YES;
				CLANG_WARN_NON_LITERAL_NULL_CONVERSION = YES;
				CLANG_WARN_OBJC_IMPLICIT_RETAIN_SELF = YES;
				CLANG_WARN_OBJC_LITERAL_CONVERSION = YES;
				CLANG_WARN_OBJC_ROOT_CLASS = YES_ERROR;
				CLANG_WARN_QUOTED_INCLUDE_IN_FRAMEWORK_HEADER = YES;
				CLANG_WARN_RANGE_LOOP_ANALYSIS = YES;
				CLANG_WARN_STRICT_PROTOTYPES = YES;
				CLANG_WARN_SUSPICIOUS_MOVE = YES;
				CLANG_WARN_UNGUARDED_AVAILABILITY = YES_AGGRESSIVE;
				CLANG_WARN_UNREACHABLE_CODE = YES;
				CLANG_WARN__DUPLICATE_METHOD_MATCH = YES;
				COPY_PHASE_STRIP = NO;
				DEBUG_INFORMATION_FORMAT = "dwarf-with-dsym";
				ENABLE_NS_ASSERTIONS = NO;
				ENABLE_STRICT_OBJC_MSGSEND = YES;
				GCC_C_LANGUAGE_STANDARD = gnu11;
				GCC_NO_COMMON_BLOCKS = YES;
				GCC_WARN_64_TO_32_BIT_CONVERSION = YES;
				GCC_WARN_ABOUT_RETURN_TYPE = YES_ERROR;
				GCC_WARN_UNDECLARED_SELECTOR = YES;
				GCC_WARN_UNINITIALIZED_AUTOS = YES_AGGRESSIVE;
				GCC_WARN_UNUSED_FUNCTION = YES;
				GCC_WARN_UNUSED_VARIABLE = YES;
				IPHONEOS_DEPLOYMENT_TARGET = 14.2;
				MTL_ENABLE_DEBUG_INFO = NO;
				MTL_FAST_MATH = YES;
				SDKROOT = iphoneos;
				SWIFT_COMPILATION_MODE = wholemodule;
				SWIFT_OPTIMIZATION_LEVEL = "-O";
				VALIDATE_PRODUCT = YES;
			};
			name = Release;
		};
		0477C88427B2FFA50077BAE6 /* Debug */ = {
			isa = XCBuildConfiguration;
			buildSettings = {
				ASSETCATALOG_COMPILER_APPICON_NAME = AppIcon;
				ASSETCATALOG_COMPILER_GLOBAL_ACCENT_COLOR_NAME = AccentColor;
				CODE_SIGN_STYLE = Automatic;
				DEVELOPMENT_TEAM = 9V3SPUU7FY;
				INFOPLIST_FILE = planets/Info.plist;
				LD_RUNPATH_SEARCH_PATHS = (
					"$(inherited)",
					"@executable_path/Frameworks",
				);
				"OTHER_CODE_SIGN_FLAGS[sdk=*]" = "--generate-entitlement-der";
				PRODUCT_BUNDLE_IDENTIFIER = com.thomas.planets;
				PRODUCT_NAME = "$(TARGET_NAME)";
				SWIFT_VERSION = 5.0;
				TARGETED_DEVICE_FAMILY = 1;
			};
			name = Debug;
		};
		0477C88527B2FFA50077BAE6 /* Release */ = {
			isa = XCBuildConfiguration;
			buildSettings = {
				ASSETCATALOG_COMPILER_APPICON_NAME = AppIcon;
				ASSETCATALOG_COMPILER_GLOBAL_ACCENT_COLOR_NAME = AccentColor;
				CODE_SIGN_STYLE = Automatic;
				DEVELOPMENT_TEAM = 9V3SPUU7FY;
				INFOPLIST_FILE = planets/Info.plist;
				LD_RUNPATH_SEARCH_PATHS = (
					"$(inherited)",
					"@executable_path/Frameworks",
				);
				"OTHER_CODE_SIGN_FLAGS[sdk=*]" = "--generate-entitlement-der";
				PRODUCT_BUNDLE_IDENTIFIER = com.thomas.planets;
				PRODUCT_NAME = "$(TARGET_NAME)";
				SWIFT_VERSION = 5.0;
				TARGETED_DEVICE_FAMILY = 1;
			};
			name = Release;
		};
/* End XCBuildConfiguration section */

/* Begin XCConfigurationList section */
		0477C86A27B2FFA40077BAE6 /* Build configuration list for PBXProject "planets" */ = {
			isa = XCConfigurationList;
			buildConfigurations = (
				0477C88127B2FFA50077BAE6 /* Debug */,
				0477C88227B2FFA50077BAE6 /* Release */,
			);
			defaultConfigurationIsVisible = 0;
			defaultConfigurationName = Release;
		};
		0477C88327B2FFA50077BAE6 /* Build configuration list for PBXNativeTarget "planets" */ = {
			isa = XCConfigurationList;
			buildConfigurations = (
				0477C88427B2FFA50077BAE6 /* Debug */,
				0477C88527B2FFA50077BAE6 /* Release */,
			);
			defaultConfigurationIsVisible = 0;
			defaultConfigurationName = Release;
		};
/* End XCConfigurationList section */
	};
	rootObject = 0477C86727B2FFA40077BAE6 /* Project object */;
}
